---
lockfileVersion: "9.0"

importers:
  .:
    configDependencies: {}
    packageManagerDependencies:
      pnpm:
        specifier: 12.9.1
        version: 12.9.1

packages:
  "@pnpm/exe.android-arm64@12.9.1":
    resolution:
      {
        integrity: sha512-Hgm1XdqMTfBC8PdGLL+NjZWv4xyi7D6XNrN9fb24XGYlyTBmUtdCefKnCLmHujShRD8BEO1zqM30SNcKBDLysw==,
      }
    cpu: [arm64]
    os: [android]

  "@pnpm/exe.android-x64@12.9.1":
    resolution:
      {
        integrity: sha512-WDGCe6jZRVZP3RC/q6hOkZylkPkIQIi1/GcrR/d/YzbihhAHXCczrk+UYnV5TgbsEnAYO7Cx+2rX3nfhHvy24w==,
      }
    cpu: [x64]
    os: [android]

  "@pnpm/exe.darwin-arm64@12.9.1":
    resolution:
      {
        integrity: sha512-+7iiEEBgYN9szPWUnAuN6eOVMTI6Hrki5bcuC9n9xl9tTnT53Tpxpo45Hml+W4IrAU0d+Tmd0sPnVIbX59PD6w==,
      }
    cpu: [arm64]
    os: [darwin]

  "@pnpm/exe.darwin-x64@12.9.1":
    resolution:
      {
        integrity: sha512-SK7TxJiR12GbJZGffRFHItkc+Mx+99v6xMMJ9/X//8NwWV1wo17a2bwfGI8qZpl17YwsrmPEFOOqhzE1GIlrtQ==,
      }
    cpu: [x64]
    os: [darwin]

  "@pnpm/exe.freebsd-x64@12.9.1":
    resolution:
      {
        integrity: sha512-4AjLk6uvTs2iO6wMit2hcxJ2M32xb7OV5SNFk+w6G8/NzcjcMB7ENEpyeXyLiP0kcnp8uaCGUct2NfrLCJ35eQ==,
      }
    cpu: [x64]
    os: [freebsd]

  "@pnpm/exe.linux-arm64-musl@12.9.1":
    resolution:
      {
        integrity: sha512-dZL2ES1ckDWM9v+EtxoOklZ0WNdtayooi9iLiDUubopudX3zXPNR2mlrxBRgjbDgECOndQen2SmyxL5eZiBuKw==,
      }
    cpu: [arm64]
    os: [linux]
    libc: [musl]

  "@pnpm/exe.linux-arm64@12.9.1":
    resolution:
      {
        integrity: sha512-cx+uF6xqwEtm7B8NV+1ve0xBg9gcuzQZ5R+0WgOWvKG/h978UljS6BgWs1ipIGuGgUdeVhm3PKmBltXIcczLXA==,
      }
    cpu: [arm64]
    os: [linux]
    libc: [glibc]

  "@pnpm/exe.linux-ppc64@12.9.1":
    resolution:
      {
        integrity: sha512-MpjPsy4XR17zAtLziQZfsN+wveWa/bUJggZtwfo3+SuyRmXnSvVkFD4+v8/3RTWyYaM6mwLUTjZDJ+g3urL+ew==,
      }
    cpu: [ppc64]
    os: [linux]
    libc: [glibc]

  "@pnpm/exe.linux-riscv64@12.9.1":
    resolution:
      {
        integrity: sha512-Oo67TKqqH+Bno+L6X7Xyorwp1QG82zKIkL0vbo1x2kcPTDiyPbdM+d6lIs4+hzeB1KHT5FDoGzZj2dad7Ft+eg==,
      }
    cpu: [riscv64]
    os: [linux]
    libc: [glibc]

  "@pnpm/exe.linux-s390x@12.9.1":
    resolution:
      {
        integrity: sha512-QAD5FRCdW36HfD58BV7DoDm6z8yv+GgSqcUV1+ERwYjpVQuG6ZTpf5o0x3KDas8eTLIW7MLYVdDdlAurWeArEg==,
      }
    cpu: [s390x]
    os: [linux]
    libc: [glibc]

  "@pnpm/exe.linux-x64-musl@12.9.1":
    resolution:
      {
        integrity: sha512-mQDhBsGqcTkrLQM4q5igmRFcr6EAl4UM/FGawY+0CWGcqPpUmYUvDy9LHy80xxkHIWVJ886gvvso2XOjfav1Jw==,
      }
    cpu: [x64]
    os: [linux]
    libc: [musl]

  "@pnpm/exe.linux-x64@12.9.1":
    resolution:
      {
        integrity: sha512-+M5N74hM4fc87AAckxx/UIW+dUnWf2eko+HchJs/NZUxehLhekNyMI/GNaNXlvd+kWR+97XXBD51XRkkNiUtrA==,
      }
    cpu: [x64]
    os: [linux]
    libc: [glibc]

  "@pnpm/exe.win32-arm64@12.9.1":
    resolution:
      {
        integrity: sha512-mI28C2wxobrDi6x1OYhBRyG10hnDq/4sEIyy5RzoX6LB4kLuv6K/d25HOpMwlW20cuM4M72k9NZpOdcmUxMbEA==,
      }
    cpu: [arm64]
    os: [win32]

  "@pnpm/exe.win32-x64@12.9.1":
    resolution:
      {
        integrity: sha512-SWoDMT0oD7NrDSIoPpkKD09D9fAQKNjwFZ3lezlCUhAfXxMv70zsfrNT2/P+GoCK2kefXF9OysUZkH1l5vvvfA==,
      }
    cpu: [x64]
    os: [win32]

  pnpm@12.9.1:
    resolution:
      {
        integrity: sha512-BrBV//XNINwSeB3hc87TMQzglRvy7GICEaFgRdVETVyTpmMhB2TvKaZTphBFm6A2jw50+E2AxUcjz5Wq57wNbQ==,
      }
    engines: { node: ">=18.*" }
    hasBin: true

snapshots:
  "@pnpm/exe.android-arm64@12.9.1":
    optional: true

  "@pnpm/exe.android-x64@12.9.1":
    optional: true

  "@pnpm/exe.darwin-arm64@12.9.1":
    optional: true

  "@pnpm/exe.darwin-x64@12.9.1":
    optional: true

  "@pnpm/exe.freebsd-x64@12.9.1":
    optional: true

  "@pnpm/exe.linux-arm64-musl@12.9.1":
    optional: true

  "@pnpm/exe.linux-arm64@12.9.1":
    optional: true

  "@pnpm/exe.linux-ppc64@12.9.1":
    optional: true

  "@pnpm/exe.linux-riscv64@12.9.1":
    optional: true

  "@pnpm/exe.linux-s390x@12.9.1":
    optional: true

  "@pnpm/exe.linux-x64-musl@12.9.1":
    optional: true

  "@pnpm/exe.linux-x64@12.9.1":
    optional: true

  "@pnpm/exe.win32-arm64@12.9.1":
    optional: true

  "@pnpm/exe.win32-x64@12.9.1":
    optional: true

  pnpm@12.9.1:
    optionalDependencies:
      "@pnpm/exe.android-arm64": 12.9.1
      "@pnpm/exe.android-x64": 12.9.1
      "@pnpm/exe.darwin-arm64": 12.9.1
      "@pnpm/exe.darwin-x64": 12.9.1
      "@pnpm/exe.freebsd-x64": 12.9.1
      "@pnpm/exe.linux-arm64": 12.9.1
      "@pnpm/exe.linux-arm64-musl": 12.9.1
      "@pnpm/exe.linux-ppc64": 12.9.1
      "@pnpm/exe.linux-riscv64": 12.9.1
      "@pnpm/exe.linux-s390x": 12.9.1
      "@pnpm/exe.linux-x64": 12.9.1
      "@pnpm/exe.linux-x64-musl": 12.9.1
      "@pnpm/exe.win32-arm64": 12.9.1
      "@pnpm/exe.win32-x64": 12.9.1

---
lockfileVersion: "9.0"

settings:
  autoInstallPeers: true
  excludeLinksFromLockfile: false

importers:
  .:
    devDependencies:
      husky:
        specifier: ^9.1.7
        version: 9.1.7
      lint-staged:
        specifier: ^17.6.0
        version: 17.6.0
      turbo:
        specifier: ^1.11.0
        version: 1.13.4

packages:
  husky@9.1.7:
    resolution:
      {
        integrity: sha512-5gs5ytaNjBrh5Ow3zrvdUUY+0VxIuWVL4i9irt6friV+BqdCfmV11CQTWMiBYWHbXhco+J1kHfTOUkePhCDvMA==,
      }
    engines: { node: ">=18" }
    hasBin: true

  lint-staged@17.6.0:
    resolution:
      {
        integrity: sha512-nOhBfYkZEwkFtNzD5pK9s9LkcWoxJ+whLzEnhqi9nl7zTB5n7tg8+9iYgMGx2Wm3VlLu8cbNj0RACzY+nWi5iQ==,
      }
    engines: { node: ">=22.22.1" }
    hasBin: true

  picomatch@4.0.7:
    resolution:
      {
        integrity: sha512-qcJu88Q2IWqJsDD529JKMdwGm/dvInW4HvQnRwiH9JtihJvzGOscDtHE3x1pBKeUOTysQ8kVmLnJ2kJu7yhcGA==,
      }
    engines: { node: ">=12" }

  string-argv@0.3.2:
    resolution:
      {
        integrity: sha512-aqD2Q0144Z+/RqG52NeHEkZauTAUWJO8c6yTftGJKO3Tja5tUgIfmIl6kExvhtxSDP7fXB6DvzkfMpCd/F3G+Q==,
      }
    engines: { node: ">=0.6.19" }

  tinyexec@1.3.1:
    resolution:
      {
        integrity: sha512-GCvB3aoys96IuDFBMcTB46JOR6mdMtAToqwiW8JlWhsoh1mhHi/xn9ss/Dg7N555GiJyEt2qzoG/NHCwM6h1EA==,
      }
    engines: { node: ">=18" }

  turbo-darwin-64@1.13.4:
    resolution:
      {
        integrity: sha512-A0eKd73R7CGnRinTiS7txkMElg+R5rKFp9HV7baDiEL4xTG1FIg/56Vm7A5RVgg8UNgG2qNnrfatJtb+dRmNdw==,
      }
    cpu: [x64]
    os: [darwin]

  turbo-darwin-arm64@1.13.4:
    resolution:
      {
        integrity: sha512-eG769Q0NF6/Vyjsr3mKCnkG/eW6dKMBZk6dxWOdrHfrg6QgfkBUk0WUUujzdtVPiUIvsh4l46vQrNVd9EOtbyA==,
      }
    cpu: [arm64]
    os: [darwin]

  turbo-linux-64@1.13.4:
    resolution:
      {
        integrity: sha512-Bq0JphDeNw3XEi+Xb/e4xoKhs1DHN7OoLVUbTIQz+gazYjigVZvtwCvgrZI7eW9Xo1eOXM2zw2u1DGLLUfmGkQ==,
      }
    cpu: [x64]
    os: [linux]

  turbo-linux-arm64@1.13.4:
    resolution:
      {
        integrity: sha512-BJcXw1DDiHO/okYbaNdcWN6szjXyHWx9d460v6fCHY65G8CyqGU3y2uUTPK89o8lq/b2C8NK0yZD+Vp0f9VoIg==,
      }
    cpu: [arm64]
    os: [linux]

  turbo-windows-64@1.13.4:
    resolution:
      {
        integrity: sha512-OFFhXHOFLN7A78vD/dlVuuSSVEB3s9ZBj18Tm1hk3aW1HTWTuAw0ReN6ZNlVObZUHvGy8d57OAGGxf2bT3etQw==,
      }
    cpu: [x64]
    os: [win32]

  turbo-windows-arm64@1.13.4:
    resolution:
      {
        integrity: sha512-u5A+VOKHswJJmJ8o8rcilBfU5U3Y1TTAfP9wX8bFh8teYF1ghP0EhtMRLjhtp6RPa+XCxHHVA2CiC3gbh5eg5g==,
      }
    cpu: [arm64]
    os: [win32]

  turbo@1.13.4:
    resolution:
      {
        integrity: sha512-1q7+9UJABuBAHrcC4Sxp5lOqYS5mvxRrwa33wpIyM18hlOCpRD/fTJNxZ0vhbMcJmz15o9kkVm743mPn7p6jpQ==,
      }
    hasBin: true

  yaml@2.9.1:
    resolution:
      {
        integrity: sha512-3NxN8+78OdzbT7C/WjGsyfPAtJaN3FNDsWxv7Y7mcDsT/oOmgW8BpyQQFFBnvZE3j9Y2Sdz1ULFLezL7Eb2yFw==,
      }
    engines: { node: ">= 14.6" }
    hasBin: true

snapshots:
  husky@9.1.7: {}

  lint-staged@17.6.0:
    dependencies:
      picomatch: 4.0.7
      string-argv: 0.3.2
      tinyexec: 1.3.1
    optionalDependencies:
      yaml: 2.9.1

  picomatch@4.0.7: {}

  string-argv@0.3.2: {}

  tinyexec@1.3.1: {}

  turbo-darwin-64@1.13.4:
    optional: true

  turbo-darwin-arm64@1.13.4:
    optional: true

  turbo-linux-64@1.13.4:
    optional: true

  turbo-linux-arm64@1.13.4:
    optional: true

  turbo-windows-64@1.13.4:
    optional: true

  turbo-windows-arm64@1.13.4:
    optional: true

  turbo@1.13.4:
    optionalDependencies:
      turbo-darwin-64: 1.13.4
      turbo-darwin-arm64: 1.13.4
      turbo-linux-64: 1.13.4
      turbo-linux-arm64: 1.13.4
      turbo-windows-64: 1.13.4
      turbo-windows-arm64: 1.13.4

  yaml@2.9.1:
    optional: true
